
Microsoft Visual Studio Solution File, Format Version 12.00
# Visual Studio Version 17
VisualStudioVersion = 17.13.35828.75
MinimumVisualStudioVersion = 10.0.40219.1
Project("{FAE04EC0-301F-11D3-BF4B-00C04F79EFBC}") = "Week12AssignmentsBlazorRepetition", "Week12AssignmentsBlazorRepetition\Week12AssignmentsBlazorRepetition.csproj", "{734DA2C4-B86A-4ECB-8548-7A3E5FFB371B}"
EndProject
Global
	GlobalSection(SolutionConfigurationPlatforms) = preSolution
		Debug|Any CPU = Debug|Any CPU
		Release|Any CPU = Release|Any CPU
	EndGlobalSection
	GlobalSection(ProjectConfigurationPlatforms) = postSolution
		{734DA2C4-B86A-4ECB-8548-7A3E5FFB371B}.Debug|Any CPU.ActiveCfg = Debug|Any CPU
		{734DA2C4-B86A-4ECB-8548-7A3E5FFB371B}.Debug|Any CPU.Build.0 = Debug|Any CPU
		{734DA2C4-B86A-4ECB-8548-7A3E5FFB371B}.Release|Any CPU.ActiveCfg = Release|Any CPU
		{734DA2C4-B86A-4ECB-8548-7A3E5FFB371B}.Release|Any CPU.Build.0 = Release|Any CPU
	EndGlobalSection
	GlobalSection(SolutionProperties) = preSolution
		HideSolutionNode = FALSE
	EndGlobalSection
	GlobalSection(ExtensibilityGlobals) = postSolution
		SolutionGuid = {CC2828E6-8ABA-4E2F-89AD-EB98CAB49F45}
	EndGlobalSection
EndGlobal
